Microsoft Visual Studio Solution File, Format Version 12.00
# Visual Studio 2012
Project("{FAE04EC0-301F-11D3-BF4B-00C04F79EFBC}") = "ConsoleApplication47", "ConsoleApplication47.csproj", "{588AB7CD-6B48-4C80-8E6D-9676BF74750B}"
EndProject
Global
	GlobalSection(SolutionConfigurationPlatforms) = preSolution
		Debug|Any CPU = Debug|Any CPU
		Release|Any CPU = Release|Any CPU
	EndGlobalSection
	GlobalSection(ProjectConfigurationPlatforms) = postSolution
		{588AB7CD-6B48-4C80-8E6D-9676BF74750B}.Debug|Any CPU.ActiveCfg = Debug|Any CPU
		{588AB7CD-6B48-4C80-8E6D-9676BF74750B}.Debug|Any CPU.Build.0 = Debug|Any CPU
		{588AB7CD-6B48-4C80-8E6D-9676BF74750B}.Release|Any CPU.ActiveCfg = Release|Any CPU
		{588AB7CD-6B48-4C80-8E6D-9676BF74750B}.Release|Any CPU.Build.0 = Release|Any CPU
	EndGlobalSection
	GlobalSection(SolutionProperties) = preSolution
		HideSolutionNode = FALSE
	EndGlobalSection
EndGlobal
