Microsoft Visual Studio Solution File, Format Version 12.00
# Visual Studio 2012
Project("{FAE04EC0-301F-11D3-BF4B-00C04F79EFBC}") = "AddShortcutToDesktop", "AddShortcutToDesktop.csproj", "{EAAE9210-757E-4BA5-9DC9-C6515ADEB164}"
EndProject
Global
	GlobalSection(SolutionConfigurationPlatforms) = preSolution
		Debug|Any CPU = Debug|Any CPU
		Release|Any CPU = Release|Any CPU
	EndGlobalSection
	GlobalSection(ProjectConfigurationPlatforms) = postSolution
		{EAAE9210-757E-4BA5-9DC9-C6515ADEB164}.Debug|Any CPU.ActiveCfg = Debug|Any CPU
		{EAAE9210-757E-4BA5-9DC9-C6515ADEB164}.Debug|Any CPU.Build.0 = Debug|Any CPU
		{EAAE9210-757E-4BA5-9DC9-C6515ADEB164}.Release|Any CPU.ActiveCfg = Release|Any CPU
		{EAAE9210-757E-4BA5-9DC9-C6515ADEB164}.Release|Any CPU.Build.0 = Release|Any CPU
	EndGlobalSection
	GlobalSection(SolutionProperties) = preSolution
		HideSolutionNode = FALSE
	EndGlobalSection
EndGlobal
